
Microsoft Visual Studio Solution File, Format Version 12.00
# Visual Studio Version 16
VisualStudioVersion = 16.0.29519.87
MinimumVisualStudioVersion = 10.0.40219.1
Project("{FAE04EC0-301F-11D3-BF4B-00C04F79EFBC}") = "Mod1Assignment1", "Mod1Assignment1\Mod1Assignment1.csproj", "{495B4DD7-1C30-471D-B492-CF5983310F29}"
EndProject
Global
	GlobalSection(SolutionConfigurationPlatforms) = preSolution
		Debug|Any CPU = Debug|Any CPU
		Release|Any CPU = Release|Any CPU
	EndGlobalSection
	GlobalSection(ProjectConfigurationPlatforms) = postSolution
		{495B4DD7-1C30-471D-B492-CF5983310F29}.Debug|Any CPU.ActiveCfg = Debug|Any CPU
		{495B4DD7-1C30-471D-B492-CF5983310F29}.Debug|Any CPU.Build.0 = Debug|Any CPU
		{495B4DD7-1C30-471D-B492-CF5983310F29}.Release|Any CPU.ActiveCfg = Release|Any CPU
		{495B4DD7-1C30-471D-B492-CF5983310F29}.Release|Any CPU.Build.0 = Release|Any CPU
	EndGlobalSection
	GlobalSection(SolutionProperties) = preSolution
		HideSolutionNode = FALSE
	EndGlobalSection
	GlobalSection(ExtensibilityGlobals) = postSolution
		SolutionGuid = {9F7D8CEB-5537-4C42-BE0B-256CD00CAA4E}
	EndGlobalSection
EndGlobal
